
Microsoft Visual Studio Solution File, Format Version 12.00
# Visual Studio Version 17
VisualStudioVersion = 17.6.33723.286
MinimumVisualStudioVersion = 10.0.40219.1
Project("{9A19103F-16F7-4668-BE54-9A1E7A4F7556}") = "Boucher_Double_Back_End", "Boucher_Double_Back_End.csproj", "{3FA604C2-C889-4234-8297-CC0305531631}"
EndProject
Project("{9A19103F-16F7-4668-BE54-9A1E7A4F7556}") = "Boucher_Double_Back_EndTests", "..\Boucher_Double_Back_EndTests\Boucher_Double_Back_EndTests.csproj", "{31FBE2C2-463C-40EA-B2D1-1FC5BA6202CF}"
EndProject
Global
	GlobalSection(SolutionConfigurationPlatforms) = preSolution
		Debug|Any CPU = Debug|Any CPU
		Release|Any CPU = Release|Any CPU
	EndGlobalSection
	GlobalSection(ProjectConfigurationPlatforms) = postSolution
		{3FA604C2-C889-4234-8297-CC0305531631}.Debug|Any CPU.ActiveCfg = Debug|Any CPU
		{3FA604C2-C889-4234-8297-CC0305531631}.Debug|Any CPU.Build.0 = Debug|Any CPU
		{3FA604C2-C889-4234-8297-CC0305531631}.Release|Any CPU.ActiveCfg = Release|Any CPU
		{3FA604C2-C889-4234-8297-CC0305531631}.Release|Any CPU.Build.0 = Release|Any CPU
		{31FBE2C2-463C-40EA-B2D1-1FC5BA6202CF}.Debug|Any CPU.ActiveCfg = Debug|Any CPU
		{31FBE2C2-463C-40EA-B2D1-1FC5BA6202CF}.Debug|Any CPU.Build.0 = Debug|Any CPU
		{31FBE2C2-463C-40EA-B2D1-1FC5BA6202CF}.Release|Any CPU.ActiveCfg = Release|Any CPU
		{31FBE2C2-463C-40EA-B2D1-1FC5BA6202CF}.Release|Any CPU.Build.0 = Release|Any CPU
	EndGlobalSection
	GlobalSection(SolutionProperties) = preSolution
		HideSolutionNode = FALSE
	EndGlobalSection
	GlobalSection(ExtensibilityGlobals) = postSolution
		SolutionGuid = {BBCE2192-981D-4420-BD73-26DDE5D413AB}
	EndGlobalSection
EndGlobal
